PODS:
  - Alamofire (5.6.2)
  - SwiftLint (0.47.1)

DEPENDENCIES:
  - Alamofire
  - SwiftLint

SPEC REPOS:
  trunk:
    - Alamofire
    - SwiftLint

SPEC CHECKSUMS:
  Alamofire: d368e1ff8a298e6dde360e35a3e68e6c610e7204
  SwiftLint: f80f1be7fa96d30e0aa68e58d45d4ea1ccaac519

PODFILE CHECKSUM: 67a2a6f257ae0119d3101c973e9ac0f5a15c4ed4

COCOAPODS: 1.11.3
