// !$*UTF8*$!
{
	archiveVersion = 1;
	classes = {
	};
	objectVersion = 55;
	objects = {

/* Begin PBXBuildFile section */
		5FC635FB28881D770079AD33 /* UI.framework in Frameworks */ = {isa = PBXBuildFile; fileRef = 5FC635F228881D770079AD33 /* UI.framework */; };
		5FC6360028881D770079AD33 /* UITests.swift in Sources */ = {isa = PBXBuildFile; fileRef = 5FC635FF28881D770079AD33 /* UITests.swift */; };
		5FC6360128881D770079AD33 /* UI.h in Headers */ = {isa = PBXBuildFile; fileRef = 5FC635F528881D770079AD33 /* UI.h */; settings = {ATTRIBUTES = (Public, ); }; };
		5FC6361128881DF10079AD33 /* LoginView.swift in Sources */ = {isa = PBXBuildFile; fileRef = 5FC6360A28881DD50079AD33 /* LoginView.swift */; };
		5FC6361228881DF40079AD33 /* LoginViewModel.swift in Sources */ = {isa = PBXBuildFile; fileRef = 5FC6360B28881DD50079AD33 /* LoginViewModel.swift */; };
		5FC6361328881DF70079AD33 /* HomeRouteView.swift in Sources */ = {isa = PBXBuildFile; fileRef = 5FC6360D28881DD80079AD33 /* HomeRouteView.swift */; };
		5FC6361428881DFB0079AD33 /* HomeRouteViewModel.swift in Sources */ = {isa = PBXBuildFile; fileRef = 5FC6360E28881DD80079AD33 /* HomeRouteViewModel.swift */; };
		5FC6361528881DFE0079AD33 /* UserCell.swift in Sources */ = {isa = PBXBuildFile; fileRef = 5FC6360F28881DD80079AD33 /* UserCell.swift */; };
		5FC6361B28881F740079AD33 /* Data.framework in Frameworks */ = {isa = PBXBuildFile; fileRef = 5FC6361A28881F740079AD33 /* Data.framework */; };
		5FC6361C28881F740079AD33 /* Data.framework in Embed Frameworks */ = {isa = PBXBuildFile; fileRef = 5FC6361A28881F740079AD33 /* Data.framework */; settings = {ATTRIBUTES = (CodeSignOnCopy, RemoveHeadersOnCopy, ); }; };
		5FC63624288822350079AD33 /* UIPilot in Frameworks */ = {isa = PBXBuildFile; productRef = 5FC63623288822350079AD33 /* UIPilot */; };
		ACEDF8C94C556FB53E4E320E /* Pods_UI.framework in Frameworks */ = {isa = PBXBuildFile; fileRef = BD56C2216866C0B8629B7EB3 /* Pods_UI.framework */; };
/* End PBXBuildFile section */

/* Begin PBXContainerItemProxy section */
		5FC635FC28881D770079AD33 /* PBXContainerItemProxy */ = {
			isa = PBXContainerItemProxy;
			containerPortal = 5FC635E928881D770079AD33 /* Project object */;
			proxyType = 1;
			remoteGlobalIDString = 5FC635F128881D770079AD33;
			remoteInfo = UI;
		};
/* End PBXContainerItemProxy section */

/* Begin PBXCopyFilesBuildPhase section */
		5FC6361D28881F740079AD33 /* Embed Frameworks */ = {
			isa = PBXCopyFilesBuildPhase;
			buildActionMask = 2147483647;
			dstPath = "";
			dstSubfolderSpec = 10;
			files = (
				5FC6361C28881F740079AD33 /* Data.framework in Embed Frameworks */,
			);
			name = "Embed Frameworks";
			runOnlyForDeploymentPostprocessing = 0;
		};
/* End PBXCopyFilesBuildPhase section */

/* Begin PBXFileReference section */
		5FC635F228881D770079AD33 /* UI.framework */ = {isa = PBXFileReference; explicitFileType = wrapper.framework; includeInIndex = 0; path = UI.framework; sourceTree = BUILT_PRODUCTS_DIR; };
		5FC635F528881D770079AD33 /* UI.h */ = {isa = PBXFileReference; lastKnownFileType = sourcecode.c.h; path = UI.h; sourceTree = "<group>"; };
		5FC635FA28881D770079AD33 /* UITests.xctest */ = {isa = PBXFileReference; explicitFileType = wrapper.cfbundle; includeInIndex = 0; path = UITests.xctest; sourceTree = BUILT_PRODUCTS_DIR; };
		5FC635FF28881D770079AD33 /* UITests.swift */ = {isa = PBXFileReference; lastKnownFileType = sourcecode.swift; path = UITests.swift; sourceTree = "<group>"; };
		5FC6360A28881DD50079AD33 /* LoginView.swift */ = {isa = PBXFileReference; fileEncoding = 4; lastKnownFileType = sourcecode.swift; path = LoginView.swift; sourceTree = "<group>"; };
		5FC6360B28881DD50079AD33 /* LoginViewModel.swift */ = {isa = PBXFileReference; fileEncoding = 4; lastKnownFileType = sourcecode.swift; path = LoginViewModel.swift; sourceTree = "<group>"; };
		5FC6360D28881DD80079AD33 /* HomeRouteView.swift */ = {isa = PBXFileReference; fileEncoding = 4; lastKnownFileType = sourcecode.swift; path = HomeRouteView.swift; sourceTree = "<group>"; };
		5FC6360E28881DD80079AD33 /* HomeRouteViewModel.swift */ = {isa = PBXFileReference; lastKnownFileType = sourcecode.swift; path = HomeRouteViewModel.swift; sourceTree = "<group>"; };
		5FC6360F28881DD80079AD33 /* UserCell.swift */ = {isa = PBXFileReference; fileEncoding = 4; lastKnownFileType = sourcecode.swift; path = UserCell.swift; sourceTree = "<group>"; };
		5FC6361A28881F740079AD33 /* Data.framework */ = {isa = PBXFileReference; explicitFileType = wrapper.framework; path = Data.framework; sourceTree = BUILT_PRODUCTS_DIR; };
		A52CB200FC4D9B88E71101E7 /* Pods-UI.release.xcconfig */ = {isa = PBXFileReference; includeInIndex = 1; lastKnownFileType = text.xcconfig; name = "Pods-UI.release.xcconfig"; path = "Target Support Files/Pods-UI/Pods-UI.release.xcconfig"; sourceTree = "<group>"; };
		BD56C2216866C0B8629B7EB3 /* Pods_UI.framework */ = {isa = PBXFileReference; explicitFileType = wrapper.framework; includeInIndex = 0; path = Pods_UI.framework; sourceTree = BUILT_PRODUCTS_DIR; };
		CA5109958DD068BE23213B31 /* Pods-UI.debug.xcconfig */ = {isa = PBXFileReference; includeInIndex = 1; lastKnownFileType = text.xcconfig; name = "Pods-UI.debug.xcconfig"; path = "Target Support Files/Pods-UI/Pods-UI.debug.xcconfig"; sourceTree = "<group>"; };
/* End PBXFileReference section */

/* Begin PBXFrameworksBuildPhase section */
		5FC635EF28881D770079AD33 /* Frameworks */ = {
			isa = PBXFrameworksBuildPhase;
			buildActionMask = 2147483647;
			files = (
				5FC63624288822350079AD33 /* UIPilot in Frameworks */,
				5FC6361B28881F740079AD33 /* Data.framework in Frameworks */,
				ACEDF8C94C556FB53E4E320E /* Pods_UI.framework in Frameworks */,
			);
			runOnlyForDeploymentPostprocessing = 0;
		};
		5FC635F728881D770079AD33 /* Frameworks */ = {
			isa = PBXFrameworksBuildPhase;
			buildActionMask = 2147483647;
			files = (
				5FC635FB28881D770079AD33 /* UI.framework in Frameworks */,
			);
			runOnlyForDeploymentPostprocessing = 0;
		};
/* End PBXFrameworksBuildPhase section */

/* Begin PBXGroup section */
		1C2C380E7BABDB34050EF4BF /* Pods */ = {
			isa = PBXGroup;
			children = (
				CA5109958DD068BE23213B31 /* Pods-UI.debug.xcconfig */,
				A52CB200FC4D9B88E71101E7 /* Pods-UI.release.xcconfig */,
			);
			name = Pods;
			path = ../Pods;
			sourceTree = "<group>";
		};
		5FC635E828881D770079AD33 = {
			isa = PBXGroup;
			children = (
				5FC635F428881D770079AD33 /* UI */,
				5FC635FE28881D770079AD33 /* UITests */,
				5FC635F328881D770079AD33 /* Products */,
				5FC6361928881F740079AD33 /* Frameworks */,
				1C2C380E7BABDB34050EF4BF /* Pods */,
			);
			sourceTree = "<group>";
		};
		5FC635F328881D770079AD33 /* Products */ = {
			isa = PBXGroup;
			children = (
				5FC635F228881D770079AD33 /* UI.framework */,
				5FC635FA28881D770079AD33 /* UITests.xctest */,
			);
			name = Products;
			sourceTree = "<group>";
		};
		5FC635F428881D770079AD33 /* UI */ = {
			isa = PBXGroup;
			children = (
				5FC6360C28881DD50079AD33 /* Login */,
				5FC6361028881DD80079AD33 /* HomeScreen */,
				5FC635F528881D770079AD33 /* UI.h */,
			);
			path = UI;
			sourceTree = "<group>";
		};
		5FC635FE28881D770079AD33 /* UITests */ = {
			isa = PBXGroup;
			children = (
				5FC635FF28881D770079AD33 /* UITests.swift */,
			);
			path = UITests;
			sourceTree = "<group>";
		};
		5FC6360C28881DD50079AD33 /* Login */ = {
			isa = PBXGroup;
			children = (
				5FC6360A28881DD50079AD33 /* LoginView.swift */,
				5FC6360B28881DD50079AD33 /* LoginViewModel.swift */,
			);
			path = Login;
			sourceTree = "<group>";
		};
		5FC6361028881DD80079AD33 /* HomeScreen */ = {
			isa = PBXGroup;
			children = (
				5FC6360D28881DD80079AD33 /* HomeRouteView.swift */,
				5FC6360E28881DD80079AD33 /* HomeRouteViewModel.swift */,
				5FC6360F28881DD80079AD33 /* UserCell.swift */,
			);
			path = HomeScreen;
			sourceTree = "<group>";
		};
		5FC6361928881F740079AD33 /* Frameworks */ = {
			isa = PBXGroup;
			children = (
				5FC6361A28881F740079AD33 /* Data.framework */,
				BD56C2216866C0B8629B7EB3 /* Pods_UI.framework */,
			);
			name = Frameworks;
			sourceTree = "<group>";
		};
/* End PBXGroup section */

/* Begin PBXHeadersBuildPhase section */
		5FC635ED28881D770079AD33 /* Headers */ = {
			isa = PBXHeadersBuildPhase;
			buildActionMask = 2147483647;
			files = (
				5FC6360128881D770079AD33 /* UI.h in Headers */,
			);
			runOnlyForDeploymentPostprocessing = 0;
		};
/* End PBXHeadersBuildPhase section */

/* Begin PBXNativeTarget section */
		5FC635F128881D770079AD33 /* UI */ = {
			isa = PBXNativeTarget;
			buildConfigurationList = 5FC6360428881D770079AD33 /* Build configuration list for PBXNativeTarget "UI" */;
			buildPhases = (
				77DF0339946B095100A9BFFF /* [CP] Check Pods Manifest.lock */,
				5FC635ED28881D770079AD33 /* Headers */,
				5FC636212888201A0079AD33 /* SwiftLint */,
				5FC635EE28881D770079AD33 /* Sources */,
				5FC635EF28881D770079AD33 /* Frameworks */,
				5FC635F028881D770079AD33 /* Resources */,
				5FC6361D28881F740079AD33 /* Embed Frameworks */,
			);
			buildRules = (
			);
			dependencies = (
			);
			name = UI;
			packageProductDependencies = (
				5FC63623288822350079AD33 /* UIPilot */,
			);
			productName = UI;
			productReference = 5FC635F228881D770079AD33 /* UI.framework */;
			productType = "com.apple.product-type.framework";
		};
		5FC635F928881D770079AD33 /* UITests */ = {
			isa = PBXNativeTarget;
			buildConfigurationList = 5FC6360728881D770079AD33 /* Build configuration list for PBXNativeTarget "UITests" */;
			buildPhases = (
				5FC635F628881D770079AD33 /* Sources */,
				5FC635F728881D770079AD33 /* Frameworks */,
				5FC635F828881D770079AD33 /* Resources */,
			);
			buildRules = (
			);
			dependencies = (
				5FC635FD28881D770079AD33 /* PBXTargetDependency */,
			);
			name = UITests;
			productName = UITests;
			productReference = 5FC635FA28881D770079AD33 /* UITests.xctest */;
			productType = "com.apple.product-type.bundle.unit-test";
		};
/* End PBXNativeTarget section */

/* Begin PBXProject section */
		5FC635E928881D770079AD33 /* Project object */ = {
			isa = PBXProject;
			attributes = {
				BuildIndependentTargetsInParallel = 1;
				LastSwiftUpdateCheck = 1340;
				LastUpgradeCheck = 1340;
				TargetAttributes = {
					5FC635F128881D770079AD33 = {
						CreatedOnToolsVersion = 13.4.1;
					};
					5FC635F928881D770079AD33 = {
						CreatedOnToolsVersion = 13.4.1;
					};
				};
			};
			buildConfigurationList = 5FC635EC28881D770079AD33 /* Build configuration list for PBXProject "UI" */;
			compatibilityVersion = "Xcode 13.0";
			developmentRegion = en;
			hasScannedForEncodings = 0;
			knownRegions = (
				en,
				Base,
			);
			mainGroup = 5FC635E828881D770079AD33;
			packageReferences = (
				5FC63622288822350079AD33 /* XCRemoteSwiftPackageReference "UIPilot" */,
			);
			productRefGroup = 5FC635F328881D770079AD33 /* Products */;
			projectDirPath = "";
			projectRoot = "";
			targets = (
				5FC635F128881D770079AD33 /* UI */,
				5FC635F928881D770079AD33 /* UITests */,
			);
		};
/* End PBXProject section */

/* Begin PBXResourcesBuildPhase section */
		5FC635F028881D770079AD33 /* Resources */ = {
			isa = PBXResourcesBuildPhase;
			buildActionMask = 2147483647;
			files = (
			);
			runOnlyForDeploymentPostprocessing = 0;
		};
		5FC635F828881D770079AD33 /* Resources */ = {
			isa = PBXResourcesBuildPhase;
			buildActionMask = 2147483647;
			files = (
			);
			runOnlyForDeploymentPostprocessing = 0;
		};
/* End PBXResourcesBuildPhase section */

/* Begin PBXShellScriptBuildPhase section */
		5FC636212888201A0079AD33 /* SwiftLint */ = {
			isa = PBXShellScriptBuildPhase;
			buildActionMask = 2147483647;
			files = (
			);
			inputFileListPaths = (
			);
			inputPaths = (
			);
			name = SwiftLint;
			outputFileListPaths = (
			);
			outputPaths = (
			);
			runOnlyForDeploymentPostprocessing = 0;
			shellPath = /bin/sh;
			shellScript = "# Type a script or drag a script file from your workspace to insert its path.\n\"${PODS_ROOT}/SwiftLint/swiftlint\" --fix UI\n\"${PODS_ROOT}/SwiftLint/swiftlint\" UI\n";
		};
		77DF0339946B095100A9BFFF /* [CP] Check Pods Manifest.lock */ = {
			isa = PBXShellScriptBuildPhase;
			buildActionMask = 2147483647;
			files = (
			);
			inputFileListPaths = (
			);
			inputPaths = (
				"${PODS_PODFILE_DIR_PATH}/Podfile.lock",
				"${PODS_ROOT}/Manifest.lock",
			);
			name = "[CP] Check Pods Manifest.lock";
			outputFileListPaths = (
			);
			outputPaths = (
				"$(DERIVED_FILE_DIR)/Pods-UI-checkManifestLockResult.txt",
			);
			runOnlyForDeploymentPostprocessing = 0;
			shellPath = /bin/sh;
			shellScript = "diff \"${PODS_PODFILE_DIR_PATH}/Podfile.lock\" \"${PODS_ROOT}/Manifest.lock\" > /dev/null\nif [ $? != 0 ] ; then\n    # print error to STDERR\n    echo \"error: The sandbox is not in sync with the Podfile.lock. Run 'pod install' or update your CocoaPods installation.\" >&2\n    exit 1\nfi\n# This output is used by Xcode 'outputs' to avoid re-running this script phase.\necho \"SUCCESS\" > \"${SCRIPT_OUTPUT_FILE_0}\"\n";
			showEnvVarsInLog = 0;
		};
/* End PBXShellScriptBuildPhase section */

/* Begin PBXSourcesBuildPhase section */
		5FC635EE28881D770079AD33 /* Sources */ = {
			isa = PBXSourcesBuildPhase;
			buildActionMask = 2147483647;
			files = (
				5FC6361328881DF70079AD33 /* HomeRouteView.swift in Sources */,
				5FC6361228881DF40079AD33 /* LoginViewModel.swift in Sources */,
				5FC6361128881DF10079AD33 /* LoginView.swift in Sources */,
				5FC6361528881DFE0079AD33 /* UserCell.swift in Sources */,
				5FC6361428881DFB0079AD33 /* HomeRouteViewModel.swift in Sources */,
			);
			runOnlyForDeploymentPostprocessing = 0;
		};
		5FC635F628881D770079AD33 /* Sources */ = {
			isa = PBXSourcesBuildPhase;
			buildActionMask = 2147483647;
			files = (
				5FC6360028881D770079AD33 /* UITests.swift in Sources */,
			);
			runOnlyForDeploymentPostprocessing = 0;
		};
/* End PBXSourcesBuildPhase section */

/* Begin PBXTargetDependency section */
		5FC635FD28881D770079AD33 /* PBXTargetDependency */ = {
			isa = PBXTargetDependency;
			target = 5FC635F128881D770079AD33 /* UI */;
			targetProxy = 5FC635FC28881D770079AD33 /* PBXContainerItemProxy */;
		};
/* End PBXTargetDependency section */

/* Begin XCBuildConfiguration section */
		5FC6360228881D770079AD33 /* Debug */ = {
			isa = XCBuildConfiguration;
			buildSettings = {
				ALWAYS_SEARCH_USER_PATHS = NO;
				CLANG_ANALYZER_NONNULL = YES;
				CLANG_ANALYZER_NUMBER_OBJECT_CONVERSION = YES_AGGRESSIVE;
				CLANG_CXX_LANGUAGE_STANDARD = "gnu++17";
				CLANG_ENABLE_MODULES = YES;
				CLANG_ENABLE_OBJC_ARC = YES;
				CLANG_ENABLE_OBJC_WEAK = YES;
				CLANG_WARN_BLOCK_CAPTURE_AUTORELEASING = YES;
				CLANG_WARN_BOOL_CONVERSION = YES;
				CLANG_WARN_COMMA = YES;
				CLANG_WARN_CONSTANT_CONVERSION = YES;
				CLANG_WARN_DEPRECATED_OBJC_IMPLEMENTATIONS = YES;
				CLANG_WARN_DIRECT_OBJC_ISA_USAGE = YES_ERROR;
				CLANG_WARN_DOCUMENTATION_COMMENTS = YES;
				CLANG_WARN_EMPTY_BODY = YES;
				CLANG_WARN_ENUM_CONVERSION = YES;
				CLANG_WARN_INFINITE_RECURSION = YES;
				CLANG_WARN_INT_CONVERSION = YES;
				CLANG_WARN_NON_LITERAL_NULL_CONVERSION = YES;
				CLANG_WARN_OBJC_IMPLICIT_RETAIN_SELF = YES;
				CLANG_WARN_OBJC_LITERAL_CONVERSION = YES;
				CLANG_WARN_OBJC_ROOT_CLASS = YES_ERROR;
				CLANG_WARN_QUOTED_INCLUDE_IN_FRAMEWORK_HEADER = YES;
				CLANG_WARN_RANGE_LOOP_ANALYSIS = YES;
				CLANG_WARN_STRICT_PROTOTYPES = YES;
				CLANG_WARN_SUSPICIOUS_MOVE = YES;
				CLANG_WARN_UNGUARDED_AVAILABILITY = YES_AGGRESSIVE;
				CLANG_WARN_UNREACHABLE_CODE = YES;
				CLANG_WARN__DUPLICATE_METHOD_MATCH = YES;
				COPY_PHASE_STRIP = NO;
				CURRENT_PROJECT_VERSION = 1;
				DEBUG_INFORMATION_FORMAT = dwarf;
				ENABLE_STRICT_OBJC_MSGSEND = YES;
				ENABLE_TESTABILITY = YES;
				GCC_C_LANGUAGE_STANDARD = gnu11;
				GCC_DYNAMIC_NO_PIC = NO;
				GCC_NO_COMMON_BLOCKS = YES;
				GCC_OPTIMIZATION_LEVEL = 0;
				GCC_PREPROCESSOR_DEFINITIONS = (
					"DEBUG=1",
					"$(inherited)",
				);
				GCC_WARN_64_TO_32_BIT_CONVERSION = YES;
				GCC_WARN_ABOUT_RETURN_TYPE = YES_ERROR;
				GCC_WARN_UNDECLARED_SELECTOR = YES;
				GCC_WARN_UNINITIALIZED_AUTOS = YES_AGGRESSIVE;
				GCC_WARN_UNUSED_FUNCTION = YES;
				GCC_WARN_UNUSED_VARIABLE = YES;
				IPHONEOS_DEPLOYMENT_TARGET = 15.5;
				MTL_ENABLE_DEBUG_INFO = INCLUDE_SOURCE;
				MTL_FAST_MATH = YES;
				ONLY_ACTIVE_ARCH = YES;
				SDKROOT = iphoneos;
				SWIFT_ACTIVE_COMPILATION_CONDITIONS = DEBUG;
				SWIFT_OPTIMIZATION_LEVEL = "-Onone";
				VERSIONING_SYSTEM = "apple-generic";
				VERSION_INFO_PREFIX = "";
			};
			name = Debug;
		};
		5FC6360328881D770079AD33 /* Release */ = {
			isa = XCBuildConfiguration;
			buildSettings = {
				ALWAYS_SEARCH_USER_PATHS = NO;
				CLANG_ANALYZER_NONNULL = YES;
				CLANG_ANALYZER_NUMBER_OBJECT_CONVERSION = YES_AGGRESSIVE;
				CLANG_CXX_LANGUAGE_STANDARD = "gnu++17";
				CLANG_ENABLE_MODULES = YES;
				CLANG_ENABLE_OBJC_ARC = YES;
				CLANG_ENABLE_OBJC_WEAK = YES;
				CLANG_WARN_BLOCK_CAPTURE_AUTORELEASING = YES;
				CLANG_WARN_BOOL_CONVERSION = YES;
				CLANG_WARN_COMMA = YES;
				CLANG_WARN_CONSTANT_CONVERSION = YES;
				CLANG_WARN_DEPRECATED_OBJC_IMPLEMENTATIONS = YES;
				CLANG_WARN_DIRECT_OBJC_ISA_USAGE = YES_ERROR;
				CLANG_WARN_DOCUMENTATION_COMMENTS = YES;
				CLANG_WARN_EMPTY_BODY = YES;
				CLANG_WARN_ENUM_CONVERSION = YES;
				CLANG_WARN_INFINITE_RECURSION = YES;
				CLANG_WARN_INT_CONVERSION = YES;
				CLANG_WARN_NON_LITERAL_NULL_CONVERSION = YES;
				CLANG_WARN_OBJC_IMPLICIT_RETAIN_SELF = YES;
				CLANG_WARN_OBJC_LITERAL_CONVERSION = YES;
				CLANG_WARN_OBJC_ROOT_CLASS = YES_ERROR;
				CLANG_WARN_QUOTED_INCLUDE_IN_FRAMEWORK_HEADER = YES;
				CLANG_WARN_RANGE_LOOP_ANALYSIS = YES;
				CLANG_WARN_STRICT_PROTOTYPES = YES;
				CLANG_WARN_SUSPICIOUS_MOVE = YES;
				CLANG_WARN_UNGUARDED_AVAILABILITY = YES_AGGRESSIVE;
				CLANG_WARN_UNREACHABLE_CODE = YES;
				CLANG_WARN__DUPLICATE_METHOD_MATCH = YES;
				COPY_PHASE_STRIP = NO;
				CURRENT_PROJECT_VERSION = 1;
				DEBUG_INFORMATION_FORMAT = "dwarf-with-dsym";
				ENABLE_NS_ASSERTIONS = NO;
				ENABLE_STRICT_OBJC_MSGSEND = YES;
				GCC_C_LANGUAGE_STANDARD = gnu11;
				GCC_NO_COMMON_BLOCKS = YES;
				GCC_WARN_64_TO_32_BIT_CONVERSION = YES;
				GCC_WARN_ABOUT_RETURN_TYPE = YES_ERROR;
				GCC_WARN_UNDECLARED_SELECTOR = YES;
				GCC_WARN_UNINITIALIZED_AUTOS = YES_AGGRESSIVE;
				GCC_WARN_UNUSED_FUNCTION = YES;
				GCC_WARN_UNUSED_VARIABLE = YES;
				IPHONEOS_DEPLOYMENT_TARGET = 15.5;
				MTL_ENABLE_DEBUG_INFO = NO;
				MTL_FAST_MATH = YES;
				SDKROOT = iphoneos;
				SWIFT_COMPILATION_MODE = wholemodule;
				SWIFT_OPTIMIZATION_LEVEL = "-O";
				VALIDATE_PRODUCT = YES;
				VERSIONING_SYSTEM = "apple-generic";
				VERSION_INFO_PREFIX = "";
			};
			name = Release;
		};
		5FC6360528881D770079AD33 /* Debug */ = {
			isa = XCBuildConfiguration;
			baseConfigurationReference = CA5109958DD068BE23213B31 /* Pods-UI.debug.xcconfig */;
			buildSettings = {
				CODE_SIGN_STYLE = Automatic;
				CURRENT_PROJECT_VERSION = 1;
				DEFINES_MODULE = YES;
				DEVELOPMENT_TEAM = N8562Q559W;
				DYLIB_COMPATIBILITY_VERSION = 1;
				DYLIB_CURRENT_VERSION = 1;
				DYLIB_INSTALL_NAME_BASE = "@rpath";
				GENERATE_INFOPLIST_FILE = YES;
				INFOPLIST_KEY_NSHumanReadableCopyright = "";
				INSTALL_PATH = "$(LOCAL_LIBRARY_DIR)/Frameworks";
				LD_RUNPATH_SEARCH_PATHS = (
					"$(inherited)",
					"@executable_path/Frameworks",
					"@loader_path/Frameworks",
				);
				MARKETING_VERSION = 1.0;
				PRODUCT_BUNDLE_IDENTIFIER = com.canopas.UI;
				PRODUCT_NAME = "$(TARGET_NAME:c99extidentifier)";
				SKIP_INSTALL = YES;
				SWIFT_EMIT_LOC_STRINGS = YES;
				SWIFT_VERSION = 5.0;
				TARGETED_DEVICE_FAMILY = "1,2";
			};
			name = Debug;
		};
		5FC6360628881D770079AD33 /* Release */ = {
			isa = XCBuildConfiguration;
			baseConfigurationReference = A52CB200FC4D9B88E71101E7 /* Pods-UI.release.xcconfig */;
			buildSettings = {
				CODE_SIGN_STYLE = Automatic;
				CURRENT_PROJECT_VERSION = 1;
				DEFINES_MODULE = YES;
				DEVELOPMENT_TEAM = N8562Q559W;
				DYLIB_COMPATIBILITY_VERSION = 1;
				DYLIB_CURRENT_VERSION = 1;
				DYLIB_INSTALL_NAME_BASE = "@rpath";
				GENERATE_INFOPLIST_FILE = YES;
				INFOPLIST_KEY_NSHumanReadableCopyright = "";
				INSTALL_PATH = "$(LOCAL_LIBRARY_DIR)/Frameworks";
				LD_RUNPATH_SEARCH_PATHS = (
					"$(inherited)",
					"@executable_path/Frameworks",
					"@loader_path/Frameworks",
				);
				MARKETING_VERSION = 1.0;
				PRODUCT_BUNDLE_IDENTIFIER = com.canopas.UI;
				PRODUCT_NAME = "$(TARGET_NAME:c99extidentifier)";
				SKIP_INSTALL = YES;
				SWIFT_EMIT_LOC_STRINGS = YES;
				SWIFT_VERSION = 5.0;
				TARGETED_DEVICE_FAMILY = "1,2";
			};
			name = Release;
		};
		5FC6360828881D770079AD33 /* Debug */ = {
			isa = XCBuildConfiguration;
			buildSettings = {
				ALWAYS_EMBED_SWIFT_STANDARD_LIBRARIES = YES;
				CODE_SIGN_STYLE = Automatic;
				CURRENT_PROJECT_VERSION = 1;
				DEVELOPMENT_TEAM = N8562Q559W;
				GENERATE_INFOPLIST_FILE = YES;
				MARKETING_VERSION = 1.0;
				PRODUCT_BUNDLE_IDENTIFIER = com.canopas.UITests;
				PRODUCT_NAME = "$(TARGET_NAME)";
				SWIFT_EMIT_LOC_STRINGS = NO;
				SWIFT_VERSION = 5.0;
				TARGETED_DEVICE_FAMILY = "1,2";
			};
			name = Debug;
		};
		5FC6360928881D770079AD33 /* Release */ = {
			isa = XCBuildConfiguration;
			buildSettings = {
				ALWAYS_EMBED_SWIFT_STANDARD_LIBRARIES = YES;
				CODE_SIGN_STYLE = Automatic;
				CURRENT_PROJECT_VERSION = 1;
				DEVELOPMENT_TEAM = N8562Q559W;
				GENERATE_INFOPLIST_FILE = YES;
				MARKETING_VERSION = 1.0;
				PRODUCT_BUNDLE_IDENTIFIER = com.canopas.UITests;
				PRODUCT_NAME = "$(TARGET_NAME)";
				SWIFT_EMIT_LOC_STRINGS = NO;
				SWIFT_VERSION = 5.0;
				TARGETED_DEVICE_FAMILY = "1,2";
			};
			name = Release;
		};
/* End XCBuildConfiguration section */

/* Begin XCConfigurationList section */
		5FC635EC28881D770079AD33 /* Build configuration list for PBXProject "UI" */ = {
			isa = XCConfigurationList;
			buildConfigurations = (
				5FC6360228881D770079AD33 /* Debug */,
				5FC6360328881D770079AD33 /* Release */,
			);
			defaultConfigurationIsVisible = 0;
			defaultConfigurationName = Release;
		};
		5FC6360428881D770079AD33 /* Build configuration list for PBXNativeTarget "UI" */ = {
			isa = XCConfigurationList;
			buildConfigurations = (
				5FC6360528881D770079AD33 /* Debug */,
				5FC6360628881D770079AD33 /* Release */,
			);
			defaultConfigurationIsVisible = 0;
			defaultConfigurationName = Release;
		};
		5FC6360728881D770079AD33 /* Build configuration list for PBXNativeTarget "UITests" */ = {
			isa = XCConfigurationList;
			buildConfigurations = (
				5FC6360828881D770079AD33 /* Debug */,
				5FC6360928881D770079AD33 /* Release */,
			);
			defaultConfigurationIsVisible = 0;
			defaultConfigurationName = Release;
		};
/* End XCConfigurationList section */

/* Begin XCRemoteSwiftPackageReference section */
		5FC63622288822350079AD33 /* XCRemoteSwiftPackageReference "UIPilot" */ = {
			isa = XCRemoteSwiftPackageReference;
			repositoryURL = "https://github.com/canopas/UIPilot.git";
			requirement = {
				kind = upToNextMajorVersion;
				minimumVersion = 1.2.1;
			};
		};
/* End XCRemoteSwiftPackageReference section */

/* Begin XCSwiftPackageProductDependency section */
		5FC63623288822350079AD33 /* UIPilot */ = {
			isa = XCSwiftPackageProductDependency;
			package = 5FC63622288822350079AD33 /* XCRemoteSwiftPackageReference "UIPilot" */;
			productName = UIPilot;
		};
/* End XCSwiftPackageProductDependency section */
	};
	rootObject = 5FC635E928881D770079AD33 /* Project object */;
}
